
Microsoft Visual Studio Solution File, Format Version 12.00
# Visual Studio 2013
Project("{FAE04EC0-301F-11D3-BF4B-00C04F79EFBC}") = "UnityVS.JetPack.CSharp.Plugins", "UnityVS.JetPack.CSharp.Plugins.csproj", "{33572E19-87CC-D806-5665-72A6D6F740F0}"
EndProject
Project("{FAE04EC0-301F-11D3-BF4B-00C04F79EFBC}") = "UnityVS.JetPack.CSharp", "UnityVS.JetPack.CSharp.csproj", "{198CE47F-40A6-8709-5217-A2E71B13D6B7}"
EndProject
Project("{FAE04EC0-301F-11D3-BF4B-00C04F79EFBC}") = "UnityVS.JetPack.CSharp.Editor", "UnityVS.JetPack.CSharp.Editor.csproj", "{BC84E263-E1DE-A101-7831-DE15FF007FA2}"
EndProject
Global
	GlobalSection(SolutionConfigurationPlatforms) = preSolution
		Debug|Any CPU = Debug|Any CPU
		Release|Any CPU = Release|Any CPU
	EndGlobalSection
	GlobalSection(ProjectConfigurationPlatforms) = postSolution
		{33572E19-87CC-D806-5665-72A6D6F740F0}.Debug|Any CPU.ActiveCfg = Debug|Any CPU
		{33572E19-87CC-D806-5665-72A6D6F740F0}.Debug|Any CPU.Build.0 = Debug|Any CPU
		{33572E19-87CC-D806-5665-72A6D6F740F0}.Release|Any CPU.ActiveCfg = Release|Any CPU
		{33572E19-87CC-D806-5665-72A6D6F740F0}.Release|Any CPU.Build.0 = Release|Any CPU
		{198CE47F-40A6-8709-5217-A2E71B13D6B7}.Debug|Any CPU.ActiveCfg = Debug|Any CPU
		{198CE47F-40A6-8709-5217-A2E71B13D6B7}.Debug|Any CPU.Build.0 = Debug|Any CPU
		{198CE47F-40A6-8709-5217-A2E71B13D6B7}.Release|Any CPU.ActiveCfg = Release|Any CPU
		{198CE47F-40A6-8709-5217-A2E71B13D6B7}.Release|Any CPU.Build.0 = Release|Any CPU
		{BC84E263-E1DE-A101-7831-DE15FF007FA2}.Debug|Any CPU.ActiveCfg = Debug|Any CPU
		{BC84E263-E1DE-A101-7831-DE15FF007FA2}.Debug|Any CPU.Build.0 = Debug|Any CPU
		{BC84E263-E1DE-A101-7831-DE15FF007FA2}.Release|Any CPU.ActiveCfg = Release|Any CPU
		{BC84E263-E1DE-A101-7831-DE15FF007FA2}.Release|Any CPU.Build.0 = Release|Any CPU
	EndGlobalSection
	GlobalSection(SolutionProperties) = preSolution
		HideSolutionNode = FALSE
	EndGlobalSection
EndGlobal
